// !$*UTF8*$!
{
	archiveVersion = 1;
	classes = {
	};
	objectVersion = 50;
	objects = {

/* Begin PBXBuildFile section */
		456968B480C6B63666ECF87A /* Pods_Gemini_Demo.framework in Frameworks */ = {isa = PBXBuildFile; fileRef = D99781998073D16B925761CD /* Pods_Gemini_Demo.framework */; };
		8305226B21B9B02F00097553 /* MyCell.swift in Sources */ = {isa = PBXBuildFile; fileRef = 8305226A21B9B02F00097553 /* MyCell.swift */; };
		83E2D03521B9A9FC00107507 /* AppDelegate.swift in Sources */ = {isa = PBXBuildFile; fileRef = 83E2D03421B9A9FC00107507 /* AppDelegate.swift */; };
		83E2D03721B9A9FC00107507 /* ViewController.swift in Sources */ = {isa = PBXBuildFile; fileRef = 83E2D03621B9A9FC00107507 /* ViewController.swift */; };
		83E2D03A21B9A9FC00107507 /* Main.storyboard in Resources */ = {isa = PBXBuildFile; fileRef = 83E2D03821B9A9FC00107507 /* Main.storyboard */; };
		83E2D03C21B9A9FC00107507 /* Assets.xcassets in Resources */ = {isa = PBXBuildFile; fileRef = 83E2D03B21B9A9FC00107507 /* Assets.xcassets */; };
		83E2D03F21B9A9FC00107507 /* LaunchScreen.storyboard in Resources */ = {isa = PBXBuildFile; fileRef = 83E2D03D21B9A9FC00107507 /* LaunchScreen.storyboard */; };
/* End PBXBuildFile section */

/* Begin PBXFileReference section */
		7CA1718B16E70590933D6120 /* Pods-Gemini Demo.release.xcconfig */ = {isa = PBXFileReference; includeInIndex = 1; lastKnownFileType = text.xcconfig; name = "Pods-Gemini Demo.release.xcconfig"; path = "Pods/Target Support Files/Pods-Gemini Demo/Pods-Gemini Demo.release.xcconfig"; sourceTree = "<group>"; };
		8305226A21B9B02F00097553 /* MyCell.swift */ = {isa = PBXFileReference; lastKnownFileType = sourcecode.swift; path = MyCell.swift; sourceTree = "<group>"; };
		83E2D03121B9A9FC00107507 /* Gemini Demo.app */ = {isa = PBXFileReference; explicitFileType = wrapper.application; includeInIndex = 0; path = "Gemini Demo.app"; sourceTree = BUILT_PRODUCTS_DIR; };
		83E2D03421B9A9FC00107507 /* AppDelegate.swift */ = {isa = PBXFileReference; lastKnownFileType = sourcecode.swift; path = AppDelegate.swift; sourceTree = "<group>"; };
		83E2D03621B9A9FC00107507 /* ViewController.swift */ = {isa = PBXFileReference; lastKnownFileType = sourcecode.swift; path = ViewController.swift; sourceTree = "<group>"; };
		83E2D03921B9A9FC00107507 /* Base */ = {isa = PBXFileReference; lastKnownFileType = file.storyboard; name = Base; path = Base.lproj/Main.storyboard; sourceTree = "<group>"; };
		83E2D03B21B9A9FC00107507 /* Assets.xcassets */ = {isa = PBXFileReference; lastKnownFileType = folder.assetcatalog; path = Assets.xcassets; sourceTree = "<group>"; };
		83E2D03E21B9A9FC00107507 /* Base */ = {isa = PBXFileReference; lastKnownFileType = file.storyboard; name = Base; path = Base.lproj/LaunchScreen.storyboard; sourceTree = "<group>"; };
		83E2D04021B9A9FC00107507 /* Info.plist */ = {isa = PBXFileReference; lastKnownFileType = text.plist.xml; path = Info.plist; sourceTree = "<group>"; };
		D99781998073D16B925761CD /* Pods_Gemini_Demo.framework */ = {isa = PBXFileReference; explicitFileType = wrapper.framework; includeInIndex = 0; path = Pods_Gemini_Demo.framework; sourceTree = BUILT_PRODUCTS_DIR; };
		EB6B3832AE4EEE9522498DB5 /* Pods-Gemini Demo.debug.xcconfig */ = {isa = PBXFileReference; includeInIndex = 1; lastKnownFileType = text.xcconfig; name = "Pods-Gemini Demo.debug.xcconfig"; path = "Pods/Target Support Files/Pods-Gemini Demo/Pods-Gemini Demo.debug.xcconfig"; sourceTree = "<group>"; };
/* End PBXFileReference section */

/* Begin PBXFrameworksBuildPhase section */
		83E2D02E21B9A9FC00107507 /* Frameworks */ = {
			isa = PBXFrameworksBuildPhase;
			buildActionMask = 2147483647;
			files = (
				456968B480C6B63666ECF87A /* Pods_Gemini_Demo.framework in Frameworks */,
			);
			runOnlyForDeploymentPostprocessing = 0;
		};
/* End PBXFrameworksBuildPhase section */

/* Begin PBXGroup section */
		0B3D4DA82FC8A9D04FDA57B7 /* Pods */ = {
			isa = PBXGroup;
			children = (
				EB6B3832AE4EEE9522498DB5 /* Pods-Gemini Demo.debug.xcconfig */,
				7CA1718B16E70590933D6120 /* Pods-Gemini Demo.release.xcconfig */,
			);
			name = Pods;
			sourceTree = "<group>";
		};
		5D24F4E95134A2396855851D /* Frameworks */ = {
			isa = PBXGroup;
			children = (
				D99781998073D16B925761CD /* Pods_Gemini_Demo.framework */,
			);
			name = Frameworks;
			sourceTree = "<group>";
		};
		83E2D02821B9A9FC00107507 = {
			isa = PBXGroup;
			children = (
				83E2D03321B9A9FC00107507 /* Gemini Demo */,
				83E2D03221B9A9FC00107507 /* Products */,
				0B3D4DA82FC8A9D04FDA57B7 /* Pods */,
				5D24F4E95134A2396855851D /* Frameworks */,
			);
			sourceTree = "<group>";
		};
		83E2D03221B9A9FC00107507 /* Products */ = {
			isa = PBXGroup;
			children = (
				83E2D03121B9A9FC00107507 /* Gemini Demo.app */,
			);
			name = Products;
			sourceTree = "<group>";
		};
		83E2D03321B9A9FC00107507 /* Gemini Demo */ = {
			isa = PBXGroup;
			children = (
				83E2D03421B9A9FC00107507 /* AppDelegate.swift */,
				83E2D03621B9A9FC00107507 /* ViewController.swift */,
				8305226A21B9B02F00097553 /* MyCell.swift */,
				83E2D03821B9A9FC00107507 /* Main.storyboard */,
				83E2D03B21B9A9FC00107507 /* Assets.xcassets */,
				83E2D03D21B9A9FC00107507 /* LaunchScreen.storyboard */,
				83E2D04021B9A9FC00107507 /* Info.plist */,
			);
			path = "Gemini Demo";
			sourceTree = "<group>";
		};
/* End PBXGroup section */

/* Begin PBXNativeTarget section */
		83E2D03021B9A9FC00107507 /* Gemini Demo */ = {
			isa = PBXNativeTarget;
			buildConfigurationList = 83E2D04321B9A9FC00107507 /* Build configuration list for PBXNativeTarget "Gemini Demo" */;
			buildPhases = (
				8244A8A6F33EA4D2AE71D986 /* [CP] Check Pods Manifest.lock */,
				83E2D02D21B9A9FC00107507 /* Sources */,
				83E2D02E21B9A9FC00107507 /* Frameworks */,
				83E2D02F21B9A9FC00107507 /* Resources */,
				1EFE1FC3E279875DBD54B069 /* [CP] Embed Pods Frameworks */,
			);
			buildRules = (
			);
			dependencies = (
			);
			name = "Gemini Demo";
			productName = "Gemini Demo";
			productReference = 83E2D03121B9A9FC00107507 /* Gemini Demo.app */;
			productType = "com.apple.product-type.application";
		};
/* End PBXNativeTarget section */

/* Begin PBXProject section */
		83E2D02921B9A9FC00107507 /* Project object */ = {
			isa = PBXProject;
			attributes = {
				LastSwiftUpdateCheck = 1010;
				LastUpgradeCheck = 1010;
				ORGANIZATIONNAME = "Christopher Ching";
				TargetAttributes = {
					83E2D03021B9A9FC00107507 = {
						CreatedOnToolsVersion = 10.1;
					};
				};
			};
			buildConfigurationList = 83E2D02C21B9A9FC00107507 /* Build configuration list for PBXProject "Gemini Demo" */;
			compatibilityVersion = "Xcode 9.3";
			developmentRegion = en;
			hasScannedForEncodings = 0;
			knownRegions = (
				en,
				Base,
			);
			mainGroup = 83E2D02821B9A9FC00107507;
			productRefGroup = 83E2D03221B9A9FC00107507 /* Products */;
			projectDirPath = "";
			projectRoot = "";
			targets = (
				83E2D03021B9A9FC00107507 /* Gemini Demo */,
			);
		};
/* End PBXProject section */

/* Begin PBXResourcesBuildPhase section */
		83E2D02F21B9A9FC00107507 /* Resources */ = {
			isa = PBXResourcesBuildPhase;
			buildActionMask = 2147483647;
			files = (
				83E2D03F21B9A9FC00107507 /* LaunchScreen.storyboard in Resources */,
				83E2D03C21B9A9FC00107507 /* Assets.xcassets in Resources */,
				83E2D03A21B9A9FC00107507 /* Main.storyboard in Resources */,
			);
			runOnlyForDeploymentPostprocessing = 0;
		};
/* End PBXResourcesBuildPhase section */

/* Begin PBXShellScriptBuildPhase section */
		1EFE1FC3E279875DBD54B069 /* [CP] Embed Pods Frameworks */ = {
			isa = PBXShellScriptBuildPhase;
			buildActionMask = 2147483647;
			files = (
			);
			inputPaths = (
				"${SRCROOT}/Pods/Target Support Files/Pods-Gemini Demo/Pods-Gemini Demo-frameworks.sh",
				"${BUILT_PRODUCTS_DIR}/Gemini/Gemini.framework",
			);
			name = "[CP] Embed Pods Frameworks";
			outputPaths = (
				"${TARGET_BUILD_DIR}/${FRAMEWORKS_FOLDER_PATH}/Gemini.framework",
			);
			runOnlyForDeploymentPostprocessing = 0;
			shellPath = /bin/sh;
			shellScript = "\"${SRCROOT}/Pods/Target Support Files/Pods-Gemini Demo/Pods-Gemini Demo-frameworks.sh\"\n";
			showEnvVarsInLog = 0;
		};
		8244A8A6F33EA4D2AE71D986 /* [CP] Check Pods Manifest.lock */ = {
			isa = PBXShellScriptBuildPhase;
			buildActionMask = 2147483647;
			files = (
			);
			inputPaths = (
				"${PODS_PODFILE_DIR_PATH}/Podfile.lock",
				"${PODS_ROOT}/Manifest.lock",
			);
			name = "[CP] Check Pods Manifest.lock";
			outputPaths = (
				"$(DERIVED_FILE_DIR)/Pods-Gemini Demo-checkManifestLockResult.txt",
			);
			runOnlyForDeploymentPostprocessing = 0;
			shellPath = /bin/sh;
			shellScript = "diff \"${PODS_PODFILE_DIR_PATH}/Podfile.lock\" \"${PODS_ROOT}/Manifest.lock\" > /dev/null\nif [ $? != 0 ] ; then\n    # print error to STDERR\n    echo \"error: The sandbox is not in sync with the Podfile.lock. Run 'pod install' or update your CocoaPods installation.\" >&2\n    exit 1\nfi\n# This output is used by Xcode 'outputs' to avoid re-running this script phase.\necho \"SUCCESS\" > \"${SCRIPT_OUTPUT_FILE_0}\"\n";
			showEnvVarsInLog = 0;
		};
/* End PBXShellScriptBuildPhase section */

/* Begin PBXSourcesBuildPhase section */
		83E2D02D21B9A9FC00107507 /* Sources */ = {
			isa = PBXSourcesBuildPhase;
			buildActionMask = 2147483647;
			files = (
				8305226B21B9B02F00097553 /* MyCell.swift in Sources */,
				83E2D03721B9A9FC00107507 /* ViewController.swift in Sources */,
				83E2D03521B9A9FC00107507 /* AppDelegate.swift in Sources */,
			);
			runOnlyForDeploymentPostprocessing = 0;
		};
/* End PBXSourcesBuildPhase section */

/* Begin PBXVariantGroup section */
		83E2D03821B9A9FC00107507 /* Main.storyboard */ = {
			isa = PBXVariantGroup;
			children = (
				83E2D03921B9A9FC00107507 /* Base */,
			);
			name = Main.storyboard;
			sourceTree = "<group>";
		};
		83E2D03D21B9A9FC00107507 /* LaunchScreen.storyboard */ = {
			isa = PBXVariantGroup;
			children = (
				83E2D03E21B9A9FC00107507 /* Base */,
			);
			name = LaunchScreen.storyboard;
			sourceTree = "<group>";
		};
/* End PBXVariantGroup section */

/* Begin XCBuildConfiguration section */
		83E2D04121B9A9FC00107507 /* Debug */ = {
			isa = XCBuildConfiguration;
			buildSettings = {
				ALWAYS_SEARCH_USER_PATHS = NO;
				CLANG_ANALYZER_NONNULL = YES;
				CLANG_ANALYZER_NUMBER_OBJECT_CONVERSION = YES_AGGRESSIVE;
				CLANG_CXX_LANGUAGE_STANDARD = "gnu++14";
				CLANG_CXX_LIBRARY = "libc++";
				CLANG_ENABLE_MODULES = YES;
				CLANG_ENABLE_OBJC_ARC = YES;
				CLANG_ENABLE_OBJC_WEAK = YES;
				CLANG_WARN_BLOCK_CAPTURE_AUTORELEASING = YES;
				CLANG_WARN_BOOL_CONVERSION = YES;
				CLANG_WARN_COMMA = YES;
				CLANG_WARN_CONSTANT_CONVERSION = YES;
				CLANG_WARN_DEPRECATED_OBJC_IMPLEMENTATIONS = YES;
				CLANG_WARN_DIRECT_OBJC_ISA_USAGE = YES_ERROR;
				CLANG_WARN_DOCUMENTATION_COMMENTS = YES;
				CLANG_WARN_EMPTY_BODY = YES;
				CLANG_WARN_ENUM_CONVERSION = YES;
				CLANG_WARN_INFINITE_RECURSION = YES;
				CLANG_WARN_INT_CONVERSION = YES;
				CLANG_WARN_NON_LITERAL_NULL_CONVERSION = YES;
				CLANG_WARN_OBJC_IMPLICIT_RETAIN_SELF = YES;
				CLANG_WARN_OBJC_LITERAL_CONVERSION = YES;
				CLANG_WARN_OBJC_ROOT_CLASS = YES_ERROR;
				CLANG_WARN_RANGE_LOOP_ANALYSIS = YES;
				CLANG_WARN_STRICT_PROTOTYPES = YES;
				CLANG_WARN_SUSPICIOUS_MOVE = YES;
				CLANG_WARN_UNGUARDED_AVAILABILITY = YES_AGGRESSIVE;
				CLANG_WARN_UNREACHABLE_CODE = YES;
				CLANG_WARN__DUPLICATE_METHOD_MATCH = YES;
				CODE_SIGN_IDENTITY = "iPhone Developer";
				COPY_PHASE_STRIP = NO;
				DEBUG_INFORMATION_FORMAT = dwarf;
				ENABLE_STRICT_OBJC_MSGSEND = YES;
				ENABLE_TESTABILITY = YES;
				GCC_C_LANGUAGE_STANDARD = gnu11;
				GCC_DYNAMIC_NO_PIC = NO;
				GCC_NO_COMMON_BLOCKS = YES;
				GCC_OPTIMIZATION_LEVEL = 0;
				GCC_PREPROCESSOR_DEFINITIONS = (
					"DEBUG=1",
					"$(inherited)",
				);
				GCC_WARN_64_TO_32_BIT_CONVERSION = YES;
				GCC_WARN_ABOUT_RETURN_TYPE = YES_ERROR;
				GCC_WARN_UNDECLARED_SELECTOR = YES;
				GCC_WARN_UNINITIALIZED_AUTOS = YES_AGGRESSIVE;
				GCC_WARN_UNUSED_FUNCTION = YES;
				GCC_WARN_UNUSED_VARIABLE = YES;
				IPHONEOS_DEPLOYMENT_TARGET = 12.1;
				MTL_ENABLE_DEBUG_INFO = INCLUDE_SOURCE;
				MTL_FAST_MATH = YES;
				ONLY_ACTIVE_ARCH = YES;
				SDKROOT = iphoneos;
				SWIFT_ACTIVE_COMPILATION_CONDITIONS = DEBUG;
				SWIFT_OPTIMIZATION_LEVEL = "-Onone";
			};
			name = Debug;
		};
		83E2D04221B9A9FC00107507 /* Release */ = {
			isa = XCBuildConfiguration;
			buildSettings = {
				ALWAYS_SEARCH_USER_PATHS = NO;
				CLANG_ANALYZER_NONNULL = YES;
				CLANG_ANALYZER_NUMBER_OBJECT_CONVERSION = YES_AGGRESSIVE;
				CLANG_CXX_LANGUAGE_STANDARD = "gnu++14";
				CLANG_CXX_LIBRARY = "libc++";
				CLANG_ENABLE_MODULES = YES;
				CLANG_ENABLE_OBJC_ARC = YES;
				CLANG_ENABLE_OBJC_WEAK = YES;
				CLANG_WARN_BLOCK_CAPTURE_AUTORELEASING = YES;
				CLANG_WARN_BOOL_CONVERSION = YES;
				CLANG_WARN_COMMA = YES;
				CLANG_WARN_CONSTANT_CONVERSION = YES;
				CLANG_WARN_DEPRECATED_OBJC_IMPLEMENTATIONS = YES;
				CLANG_WARN_DIRECT_OBJC_ISA_USAGE = YES_ERROR;
				CLANG_WARN_DOCUMENTATION_COMMENTS = YES;
				CLANG_WARN_EMPTY_BODY = YES;
				CLANG_WARN_ENUM_CONVERSION = YES;
				CLANG_WARN_INFINITE_RECURSION = YES;
				CLANG_WARN_INT_CONVERSION = YES;
				CLANG_WARN_NON_LITERAL_NULL_CONVERSION = YES;
				CLANG_WARN_OBJC_IMPLICIT_RETAIN_SELF = YES;
				CLANG_WARN_OBJC_LITERAL_CONVERSION = YES;
				CLANG_WARN_OBJC_ROOT_CLASS = YES_ERROR;
				CLANG_WARN_RANGE_LOOP_ANALYSIS = YES;
				CLANG_WARN_STRICT_PROTOTYPES = YES;
				CLANG_WARN_SUSPICIOUS_MOVE = YES;
				CLANG_WARN_UNGUARDED_AVAILABILITY = YES_AGGRESSIVE;
				CLANG_WARN_UNREACHABLE_CODE = YES;
				CLANG_WARN__DUPLICATE_METHOD_MATCH = YES;
				CODE_SIGN_IDENTITY = "iPhone Developer";
				COPY_PHASE_STRIP = NO;
				DEBUG_INFORMATION_FORMAT = "dwarf-with-dsym";
				ENABLE_NS_ASSERTIONS = NO;
				ENABLE_STRICT_OBJC_MSGSEND = YES;
				GCC_C_LANGUAGE_STANDARD = gnu11;
				GCC_NO_COMMON_BLOCKS = YES;
				GCC_WARN_64_TO_32_BIT_CONVERSION = YES;
				GCC_WARN_ABOUT_RETURN_TYPE = YES_ERROR;
				GCC_WARN_UNDECLARED_SELECTOR = YES;
				GCC_WARN_UNINITIALIZED_AUTOS = YES_AGGRESSIVE;
				GCC_WARN_UNUSED_FUNCTION = YES;
				GCC_WARN_UNUSED_VARIABLE = YES;
				IPHONEOS_DEPLOYMENT_TARGET = 12.1;
				MTL_ENABLE_DEBUG_INFO = NO;
				MTL_FAST_MATH = YES;
				SDKROOT = iphoneos;
				SWIFT_COMPILATION_MODE = wholemodule;
				SWIFT_OPTIMIZATION_LEVEL = "-O";
				VALIDATE_PRODUCT = YES;
			};
			name = Release;
		};
		83E2D04421B9A9FC00107507 /* Debug */ = {
			isa = XCBuildConfiguration;
			baseConfigurationReference = EB6B3832AE4EEE9522498DB5 /* Pods-Gemini Demo.debug.xcconfig */;
			buildSettings = {
				ASSETCATALOG_COMPILER_APPICON_NAME = AppIcon;
				CODE_SIGN_STYLE = Automatic;
				DEVELOPMENT_TEAM = RYRJQ978K4;
				INFOPLIST_FILE = "Gemini Demo/Info.plist";
				LD_RUNPATH_SEARCH_PATHS = (
					"$(inherited)",
					"@executable_path/Frameworks",
				);
				PRODUCT_BUNDLE_IDENTIFIER = com.hiro;
				PRODUCT_NAME = "$(TARGET_NAME)";
				SWIFT_VERSION = 4.2;
				TARGETED_DEVICE_FAMILY = "1,2";
			};
			name = Debug;
		};
		83E2D04521B9A9FC00107507 /* Release */ = {
			isa = XCBuildConfiguration;
			baseConfigurationReference = 7CA1718B16E70590933D6120 /* Pods-Gemini Demo.release.xcconfig */;
			buildSettings = {
				ASSETCATALOG_COMPILER_APPICON_NAME = AppIcon;
				CODE_SIGN_STYLE = Automatic;
				DEVELOPMENT_TEAM = RYRJQ978K4;
				INFOPLIST_FILE = "Gemini Demo/Info.plist";
				LD_RUNPATH_SEARCH_PATHS = (
					"$(inherited)",
					"@executable_path/Frameworks",
				);
				PRODUCT_BUNDLE_IDENTIFIER = com.hiro;
				PRODUCT_NAME = "$(TARGET_NAME)";
				SWIFT_VERSION = 4.2;
				TARGETED_DEVICE_FAMILY = "1,2";
			};
			name = Release;
		};
/* End XCBuildConfiguration section */

/* Begin XCConfigurationList section */
		83E2D02C21B9A9FC00107507 /* Build configuration list for PBXProject "Gemini Demo" */ = {
			isa = XCConfigurationList;
			buildConfigurations = (
				83E2D04121B9A9FC00107507 /* Debug */,
				83E2D04221B9A9FC00107507 /* Release */,
			);
			defaultConfigurationIsVisible = 0;
			defaultConfigurationName = Release;
		};
		83E2D04321B9A9FC00107507 /* Build configuration list for PBXNativeTarget "Gemini Demo" */ = {
			isa = XCConfigurationList;
			buildConfigurations = (
				83E2D04421B9A9FC00107507 /* Debug */,
				83E2D04521B9A9FC00107507 /* Release */,
			);
			defaultConfigurationIsVisible = 0;
			defaultConfigurationName = Release;
		};
/* End XCConfigurationList section */
	};
	rootObject = 83E2D02921B9A9FC00107507 /* Project object */;
}
